<Solution>
  <Folder Name="/arrays/">
    <Project Path="arrays - sort numbers/arrays - sort numbers.csproj" Id="1aa48972-f29d-44f3-9fd1-0857b84dc837" />
    <Project Path="FirstProject/arrays2.csproj" Id="d3177b57-31e6-4253-a228-ab8f519bf963" />
    <Project Path="parenthesis/parenthesis.csproj" Id="f49c8300-d307-4dfe-8386-2cc5248c28db" />
    <Project Path="shiftArray/shiftArray.csproj" Id="10cb7803-2702-4b62-ad50-9719cd38e002" />
    <Project Path="split/split.csproj" Id="fdc5efc5-0281-44e4-a03d-e42da12b1e27" />
  </Folder>
  <Folder Name="/functions/">
    <Project Path="Brave new world/Brave new world.csproj" Id="fcdc0cb5-0063-4fc7-9100-7bceb691c2dc" />
    <Project Path="Personnel accounting/Personnel accounting.csproj" Id="b658d7f3-c5af-4116-8824-649f1cbb046c" />
    <Project Path="ReadInt/ReadInt.csproj" Id="75808a35-6540-4c41-9779-6de54ee0e037" />
    <Project Path="Shuffle/Shuffle.csproj" Id="80df91cc-d288-43cf-b8c2-1395cc2ea473" />
    <Project Path="UIElement/UIElement.csproj" Id="f831533e-a36d-4372-bcb1-de2f0d1a5b8d" />
  </Folder>
  <Folder Name="/lectures/">
    <Project Path="lectures/lectures.csproj" Id="e9187fa6-b325-49b7-90a0-9cf2358769ae" />
  </Folder>
  <Folder Name="/lectures/OOP/">
    <Project Path="abstract  class/abstract  class.csproj" Id="f56e5748-45d3-461d-9d53-84c4cd9b022e" />
    <Project Path="Collection Link/Collection Link.csproj" Id="f53a8309-e726-4c22-8bcc-35a29d34001a" />
    <Project Path="fight warrior on class/fight warrior on class.csproj" Id="a2a2304a-da47-47f0-a6a8-fbbf119b161b" />
    <Project Path="game loop/game loop.csproj" Id="f46e101b-9a3a-4c31-80ea-29e7e5a78888" />
    <Project Path="has-a/has-a.csproj" Id="22e08215-3066-44d3-aaaf-76b7e58faf65" />
    <Project Path="interface/interface.csproj" Id="00270699-e781-45f6-a329-378511afd08a" />
    <Project Path="is - a/is - a.csproj" Id="1dd379e0-0f3a-47dd-9f8c-eca5dd9a49e6" />
    <Project Path="options/options.csproj" Id="2dddcd4a-1dfb-4bf5-b235-ac7ea6803cb1" />
    <Project Path="static member/static member.csproj" Id="0ccc96b7-4030-40c9-8ac7-4a11d4761c84" />
    <Project Path="virtual method/virtual method.csproj" Id="bebb3ea5-fd03-42cc-87f7-a96907cec05f" />
  </Folder>
  <Folder Name="/lists/">
    <Project Path="ConsoleApp1/Queue at the store.csproj" Id="d356b6f8-8bf2-408e-a039-8cda8729c117" />
    <Project Path="dictionary/dictionary.csproj" Id="99d4d49c-1c11-4982-b40d-694f09edf209" />
    <Project Path="Extanded Dynamic Arrow/Extanded Dynamic Arrow.csproj" Id="477a3eb5-1eb2-4e06-aef9-d2e90904eb23" />
    <Project Path="Extended Personnel accounting/Extended Personnel accounting.csproj" Id="edfa53b0-6ed0-47a1-a26c-bee1f6d41a86" />
    <Project Path="Merging in one collection/Merging in one collection.csproj" Id="66b6f4c4-d0a8-40e3-96b8-13e22d5da800" />
  </Folder>
  <Folder Name="/pacman/">
    <Project Path="pacman/pacman.csproj" Id="8d06463c-4c7e-4425-9ba6-27c561dd96fc" />
  </Folder>
</Solution>
