<Solution>
  <Folder Name="/arrays/">
    <Project Path="arrays - sort numbers/arrays - sort numbers.csproj" Id="1aa48972-f29d-44f3-9fd1-0857b84dc837" />
    <Project Path="FirstProject/arrays2.csproj" Id="d3177b57-31e6-4253-a228-ab8f519bf963" />
    <Project Path="parenthesis/parenthesis.csproj" Id="f49c8300-d307-4dfe-8386-2cc5248c28db" />
    <Project Path="shiftArray/shiftArray.csproj" Id="10cb7803-2702-4b62-ad50-9719cd38e002" />
    <Project Path="split/split.csproj" Id="fdc5efc5-0281-44e4-a03d-e42da12b1e27" />
  </Folder>
  <Folder Name="/functions/">
    <Project Path="ReadInt/ReadInt.csproj" Id="75808a35-6540-4c41-9779-6de54ee0e037" />
    <Project Path="Shuffle/Shuffle.csproj" Id="80df91cc-d288-43cf-b8c2-1395cc2ea473" />
    <Project Path="UIElement/UIElement.csproj" Id="f831533e-a36d-4372-bcb1-de2f0d1a5b8d" />
  </Folder>
  <Folder Name="/lectures/">
    <Project Path="lectures/lectures.csproj" Id="e9187fa6-b325-49b7-90a0-9cf2358769ae" />
  </Folder>
  <Folder Name="/pacman/">
    <Project Path="pacman/pacman.csproj" Id="8d06463c-4c7e-4425-9ba6-27c561dd96fc" />
  </Folder>
</Solution>
